// !$*UTF8*$!
{
	archiveVersion = 1;
	classes = {
	};
	objectVersion = 46;
	objects = {

/* Begin PBXBuildFile section */
		B7270D161D1EB34200F8FC88 /* Sounds in Resources */ = {isa = PBXBuildFile; fileRef = B7270D151D1EB34200F8FC88 /* Sounds */; };
		B7270D181D1EB35500F8FC88 /* Sprites.atlas in Resources */ = {isa = PBXBuildFile; fileRef = B7270D171D1EB35500F8FC88 /* Sprites.atlas */; };
		B7270D1A1D1EB39900F8FC88 /* Images.xcassets in Resources */ = {isa = PBXBuildFile; fileRef = B7270D191D1EB39900F8FC88 /* Images.xcassets */; };
		B7270D2A1D1EBFB100F8FC88 /* Array2D.swift in Sources */ = {isa = PBXBuildFile; fileRef = B7270D1F1D1EBFB100F8FC88 /* Array2D.swift */; };
		B7270D2B1D1EBFB100F8FC88 /* Block.swift in Sources */ = {isa = PBXBuildFile; fileRef = B7270D201D1EBFB100F8FC88 /* Block.swift */; };
		B7270D2C1D1EBFB100F8FC88 /* JShape.swift in Sources */ = {isa = PBXBuildFile; fileRef = B7270D211D1EBFB100F8FC88 /* JShape.swift */; };
		B7270D2D1D1EBFB100F8FC88 /* LineShape.swift in Sources */ = {isa = PBXBuildFile; fileRef = B7270D221D1EBFB100F8FC88 /* LineShape.swift */; };
		B7270D2E1D1EBFB100F8FC88 /* LShape.swift in Sources */ = {isa = PBXBuildFile; fileRef = B7270D231D1EBFB100F8FC88 /* LShape.swift */; };
		B7270D2F1D1EBFB100F8FC88 /* Shape.swift in Sources */ = {isa = PBXBuildFile; fileRef = B7270D241D1EBFB100F8FC88 /* Shape.swift */; };
		B7270D301D1EBFB100F8FC88 /* SquareShape.swift in Sources */ = {isa = PBXBuildFile; fileRef = B7270D251D1EBFB100F8FC88 /* SquareShape.swift */; };
		B7270D311D1EBFB100F8FC88 /* SShape.swift in Sources */ = {isa = PBXBuildFile; fileRef = B7270D261D1EBFB100F8FC88 /* SShape.swift */; };
		B7270D321D1EBFB100F8FC88 /* Swiftris.swift in Sources */ = {isa = PBXBuildFile; fileRef = B7270D271D1EBFB100F8FC88 /* Swiftris.swift */; };
		B7270D331D1EBFB100F8FC88 /* TShape.swift in Sources */ = {isa = PBXBuildFile; fileRef = B7270D281D1EBFB100F8FC88 /* TShape.swift */; };
		B7270D341D1EBFB100F8FC88 /* ZShape.swift in Sources */ = {isa = PBXBuildFile; fileRef = B7270D291D1EBFB100F8FC88 /* ZShape.swift */; };
		B7C08E1E1D1F384B0069F376 /* ResearchKit.framework in Frameworks */ = {isa = PBXBuildFile; fileRef = B7C08E1B1D1F38110069F376 /* ResearchKit.framework */; };
		B7C08E1F1D1F384B0069F376 /* ResearchKit.framework in Embed Frameworks */ = {isa = PBXBuildFile; fileRef = B7C08E1B1D1F38110069F376 /* ResearchKit.framework */; settings = {ATTRIBUTES = (CodeSignOnCopy, RemoveHeadersOnCopy, ); }; };
		B7F023831D1EB23900D6C439 /* AppDelegate.swift in Sources */ = {isa = PBXBuildFile; fileRef = B7F023821D1EB23900D6C439 /* AppDelegate.swift */; };
		B7F023871D1EB23900D6C439 /* GameScene.swift in Sources */ = {isa = PBXBuildFile; fileRef = B7F023861D1EB23900D6C439 /* GameScene.swift */; };
		B7F023891D1EB23900D6C439 /* GameViewController.swift in Sources */ = {isa = PBXBuildFile; fileRef = B7F023881D1EB23900D6C439 /* GameViewController.swift */; };
		B7F0238C1D1EB23900D6C439 /* Main.storyboard in Resources */ = {isa = PBXBuildFile; fileRef = B7F0238A1D1EB23900D6C439 /* Main.storyboard */; };
		B7F023911D1EB23900D6C439 /* LaunchScreen.storyboard in Resources */ = {isa = PBXBuildFile; fileRef = B7F0238F1D1EB23900D6C439 /* LaunchScreen.storyboard */; };
/* End PBXBuildFile section */

/* Begin PBXContainerItemProxy section */
		B7C08E1A1D1F38110069F376 /* PBXContainerItemProxy */ = {
			isa = PBXContainerItemProxy;
			containerPortal = B7C08E141D1F38110069F376 /* ResearchKit.xcodeproj */;
			proxyType = 2;
			remoteGlobalIDString = B183A5951A8535D100C76870;
			remoteInfo = ResearchKit;
		};
		B7C08E1C1D1F38110069F376 /* PBXContainerItemProxy */ = {
			isa = PBXContainerItemProxy;
			containerPortal = B7C08E141D1F38110069F376 /* ResearchKit.xcodeproj */;
			proxyType = 2;
			remoteGlobalIDString = 86CC8E9A1AC09332001CCD89;
			remoteInfo = ResearchKitTests;
		};
		B7C08E201D1F384B0069F376 /* PBXContainerItemProxy */ = {
			isa = PBXContainerItemProxy;
			containerPortal = B7C08E141D1F38110069F376 /* ResearchKit.xcodeproj */;
			proxyType = 1;
			remoteGlobalIDString = B183A4731A8535D100C76870;
			remoteInfo = ResearchKit;
		};
/* End PBXContainerItemProxy section */

/* Begin PBXCopyFilesBuildPhase section */
		B7C08E221D1F384B0069F376 /* Embed Frameworks */ = {
			isa = PBXCopyFilesBuildPhase;
			buildActionMask = 2147483647;
			dstPath = "";
			dstSubfolderSpec = 10;
			files = (
				B7C08E1F1D1F384B0069F376 /* ResearchKit.framework in Embed Frameworks */,
			);
			name = "Embed Frameworks";
			runOnlyForDeploymentPostprocessing = 0;
		};
/* End PBXCopyFilesBuildPhase section */

/* Begin PBXFileReference section */
		B7270D151D1EB34200F8FC88 /* Sounds */ = {isa = PBXFileReference; lastKnownFileType = folder; path = Sounds; sourceTree = "<group>"; };
		B7270D171D1EB35500F8FC88 /* Sprites.atlas */ = {isa = PBXFileReference; lastKnownFileType = folder.skatlas; name = Sprites.atlas; path = ../Sprites.atlas; sourceTree = "<group>"; };
		B7270D191D1EB39900F8FC88 /* Images.xcassets */ = {isa = PBXFileReference; lastKnownFileType = folder.assetcatalog; path = Images.xcassets; sourceTree = "<group>"; };
		B7270D1F1D1EBFB100F8FC88 /* Array2D.swift */ = {isa = PBXFileReference; fileEncoding = 4; lastKnownFileType = sourcecode.swift; path = Array2D.swift; sourceTree = "<group>"; };
		B7270D201D1EBFB100F8FC88 /* Block.swift */ = {isa = PBXFileReference; fileEncoding = 4; lastKnownFileType = sourcecode.swift; path = Block.swift; sourceTree = "<group>"; };
		B7270D211D1EBFB100F8FC88 /* JShape.swift */ = {isa = PBXFileReference; fileEncoding = 4; lastKnownFileType = sourcecode.swift; path = JShape.swift; sourceTree = "<group>"; };
		B7270D221D1EBFB100F8FC88 /* LineShape.swift */ = {isa = PBXFileReference; fileEncoding = 4; lastKnownFileType = sourcecode.swift; path = LineShape.swift; sourceTree = "<group>"; };
		B7270D231D1EBFB100F8FC88 /* LShape.swift */ = {isa = PBXFileReference; fileEncoding = 4; lastKnownFileType = sourcecode.swift; path = LShape.swift; sourceTree = "<group>"; };
		B7270D241D1EBFB100F8FC88 /* Shape.swift */ = {isa = PBXFileReference; fileEncoding = 4; lastKnownFileType = sourcecode.swift; path = Shape.swift; sourceTree = "<group>"; };
		B7270D251D1EBFB100F8FC88 /* SquareShape.swift */ = {isa = PBXFileReference; fileEncoding = 4; lastKnownFileType = sourcecode.swift; path = SquareShape.swift; sourceTree = "<group>"; };
		B7270D261D1EBFB100F8FC88 /* SShape.swift */ = {isa = PBXFileReference; fileEncoding = 4; lastKnownFileType = sourcecode.swift; path = SShape.swift; sourceTree = "<group>"; };
		B7270D271D1EBFB100F8FC88 /* Swiftris.swift */ = {isa = PBXFileReference; fileEncoding = 4; lastKnownFileType = sourcecode.swift; path = Swiftris.swift; sourceTree = "<group>"; };
		B7270D281D1EBFB100F8FC88 /* TShape.swift */ = {isa = PBXFileReference; fileEncoding = 4; lastKnownFileType = sourcecode.swift; path = TShape.swift; sourceTree = "<group>"; };
		B7270D291D1EBFB100F8FC88 /* ZShape.swift */ = {isa = PBXFileReference; fileEncoding = 4; lastKnownFileType = sourcecode.swift; path = ZShape.swift; sourceTree = "<group>"; };
		B79042F31D1F29580005948E /* Ocular-Tetris.app */ = {isa = PBXFileReference; explicitFileType = wrapper.application; includeInIndex = 0; path = "Ocular-Tetris.app"; sourceTree = BUILT_PRODUCTS_DIR; };
		B7C08E141D1F38110069F376 /* ResearchKit.xcodeproj */ = {isa = PBXFileReference; lastKnownFileType = "wrapper.pb-project"; name = ResearchKit.xcodeproj; path = "../../Downloads/ResearchKit-master/ResearchKit.xcodeproj"; sourceTree = "<group>"; };
		B7F023821D1EB23900D6C439 /* AppDelegate.swift */ = {isa = PBXFileReference; lastKnownFileType = sourcecode.swift; path = AppDelegate.swift; sourceTree = "<group>"; };
		B7F023861D1EB23900D6C439 /* GameScene.swift */ = {isa = PBXFileReference; lastKnownFileType = sourcecode.swift; path = GameScene.swift; sourceTree = "<group>"; };
		B7F023881D1EB23900D6C439 /* GameViewController.swift */ = {isa = PBXFileReference; lastKnownFileType = sourcecode.swift; path = GameViewController.swift; sourceTree = "<group>"; };
		B7F0238B1D1EB23900D6C439 /* Base */ = {isa = PBXFileReference; lastKnownFileType = file.storyboard; name = Base; path = Base.lproj/Main.storyboard; sourceTree = "<group>"; };
		B7F023901D1EB23900D6C439 /* Base */ = {isa = PBXFileReference; lastKnownFileType = file.storyboard; name = Base; path = Base.lproj/LaunchScreen.storyboard; sourceTree = "<group>"; };
		B7F023921D1EB23900D6C439 /* Info.plist */ = {isa = PBXFileReference; lastKnownFileType = text.plist.xml; path = Info.plist; sourceTree = "<group>"; };
/* End PBXFileReference section */

/* Begin PBXFrameworksBuildPhase section */
		B7F0237C1D1EB23900D6C439 /* Frameworks */ = {
			isa = PBXFrameworksBuildPhase;
			buildActionMask = 2147483647;
			files = (
				B7C08E1E1D1F384B0069F376 /* ResearchKit.framework in Frameworks */,
			);
			runOnlyForDeploymentPostprocessing = 0;
		};
/* End PBXFrameworksBuildPhase section */

/* Begin PBXGroup section */
		B7C08E151D1F38110069F376 /* Products */ = {
			isa = PBXGroup;
			children = (
				B7C08E1B1D1F38110069F376 /* ResearchKit.framework */,
				B7C08E1D1D1F38110069F376 /* ResearchKitTests.xctest */,
			);
			name = Products;
			sourceTree = "<group>";
		};
		B7F023761D1EB23900D6C439 = {
			isa = PBXGroup;
			children = (
				B7C08E141D1F38110069F376 /* ResearchKit.xcodeproj */,
				B7F023811D1EB23900D6C439 /* Ocular-Tetris */,
				B79042F31D1F29580005948E /* Ocular-Tetris.app */,
			);
			sourceTree = "<group>";
		};
		B7F023811D1EB23900D6C439 /* Ocular-Tetris */ = {
			isa = PBXGroup;
			children = (
				B7F023821D1EB23900D6C439 /* AppDelegate.swift */,
				B7F023861D1EB23900D6C439 /* GameScene.swift */,
				B7270D1F1D1EBFB100F8FC88 /* Array2D.swift */,
				B7270D201D1EBFB100F8FC88 /* Block.swift */,
				B7270D211D1EBFB100F8FC88 /* JShape.swift */,
				B7270D221D1EBFB100F8FC88 /* LineShape.swift */,
				B7270D231D1EBFB100F8FC88 /* LShape.swift */,
				B7270D241D1EBFB100F8FC88 /* Shape.swift */,
				B7270D251D1EBFB100F8FC88 /* SquareShape.swift */,
				B7270D261D1EBFB100F8FC88 /* SShape.swift */,
				B7270D271D1EBFB100F8FC88 /* Swiftris.swift */,
				B7270D281D1EBFB100F8FC88 /* TShape.swift */,
				B7270D291D1EBFB100F8FC88 /* ZShape.swift */,
				B7F023881D1EB23900D6C439 /* GameViewController.swift */,
				B7F0238A1D1EB23900D6C439 /* Main.storyboard */,
				B7F0238F1D1EB23900D6C439 /* LaunchScreen.storyboard */,
				B7F023921D1EB23900D6C439 /* Info.plist */,
				B7270D171D1EB35500F8FC88 /* Sprites.atlas */,
				B7270D151D1EB34200F8FC88 /* Sounds */,
				B7270D191D1EB39900F8FC88 /* Images.xcassets */,
			);
			path = "Ocular-Tetris";
			sourceTree = "<group>";
		};
/* End PBXGroup section */

/* Begin PBXNativeTarget section */
		B7F0237E1D1EB23900D6C439 /* Ocular-Tetris */ = {
			isa = PBXNativeTarget;
			buildConfigurationList = B7F023AB1D1EB23A00D6C439 /* Build configuration list for PBXNativeTarget "Ocular-Tetris" */;
			buildPhases = (
				B7F0237B1D1EB23900D6C439 /* Sources */,
				B7F0237C1D1EB23900D6C439 /* Frameworks */,
				B7F0237D1D1EB23900D6C439 /* Resources */,
				B7C08E221D1F384B0069F376 /* Embed Frameworks */,
			);
			buildRules = (
			);
			dependencies = (
				B7C08E211D1F384B0069F376 /* PBXTargetDependency */,
			);
			name = "Ocular-Tetris";
			productName = "Ocular-Tetris";
			productReference = B79042F31D1F29580005948E /* Ocular-Tetris.app */;
			productType = "com.apple.product-type.application";
		};
/* End PBXNativeTarget section */

/* Begin PBXProject section */
		B7F023771D1EB23900D6C439 /* Project object */ = {
			isa = PBXProject;
			attributes = {
				LastSwiftUpdateCheck = 0730;
				LastUpgradeCheck = 0730;
				ORGANIZATIONNAME = EN;
				TargetAttributes = {
					B7F0237E1D1EB23900D6C439 = {
						CreatedOnToolsVersion = 7.3.1;
						DevelopmentTeam = 23REG7XS93;
					};
				};
			};
			buildConfigurationList = B7F0237A1D1EB23900D6C439 /* Build configuration list for PBXProject "Ocular-Tetris" */;
			compatibilityVersion = "Xcode 3.2";
			developmentRegion = English;
			hasScannedForEncodings = 0;
			knownRegions = (
				en,
				Base,
			);
			mainGroup = B7F023761D1EB23900D6C439;
			productRefGroup = B7F023761D1EB23900D6C439;
			projectDirPath = "";
			projectReferences = (
				{
					ProductGroup = B7C08E151D1F38110069F376 /* Products */;
					ProjectRef = B7C08E141D1F38110069F376 /* ResearchKit.xcodeproj */;
				},
			);
			projectRoot = "";
			targets = (
				B7F0237E1D1EB23900D6C439 /* Ocular-Tetris */,
			);
		};
/* End PBXProject section */

/* Begin PBXReferenceProxy section */
		B7C08E1B1D1F38110069F376 /* ResearchKit.framework */ = {
			isa = PBXReferenceProxy;
			fileType = wrapper.framework;
			path = ResearchKit.framework;
			remoteRef = B7C08E1A1D1F38110069F376 /* PBXContainerItemProxy */;
			sourceTree = BUILT_PRODUCTS_DIR;
		};
		B7C08E1D1D1F38110069F376 /* ResearchKitTests.xctest */ = {
			isa = PBXReferenceProxy;
			fileType = wrapper.cfbundle;
			path = ResearchKitTests.xctest;
			remoteRef = B7C08E1C1D1F38110069F376 /* PBXContainerItemProxy */;
			sourceTree = BUILT_PRODUCTS_DIR;
		};
/* End PBXReferenceProxy section */

/* Begin PBXResourcesBuildPhase section */
		B7F0237D1D1EB23900D6C439 /* Resources */ = {
			isa = PBXResourcesBuildPhase;
			buildActionMask = 2147483647;
			files = (
				B7270D161D1EB34200F8FC88 /* Sounds in Resources */,
				B7270D1A1D1EB39900F8FC88 /* Images.xcassets in Resources */,
				B7F023911D1EB23900D6C439 /* LaunchScreen.storyboard in Resources */,
				B7270D181D1EB35500F8FC88 /* Sprites.atlas in Resources */,
				B7F0238C1D1EB23900D6C439 /* Main.storyboard in Resources */,
			);
			runOnlyForDeploymentPostprocessing = 0;
		};
/* End PBXResourcesBuildPhase section */

/* Begin PBXSourcesBuildPhase section */
		B7F0237B1D1EB23900D6C439 /* Sources */ = {
			isa = PBXSourcesBuildPhase;
			buildActionMask = 2147483647;
			files = (
				B7270D321D1EBFB100F8FC88 /* Swiftris.swift in Sources */,
				B7F023871D1EB23900D6C439 /* GameScene.swift in Sources */,
				B7270D2A1D1EBFB100F8FC88 /* Array2D.swift in Sources */,
				B7270D2B1D1EBFB100F8FC88 /* Block.swift in Sources */,
				B7F023891D1EB23900D6C439 /* GameViewController.swift in Sources */,
				B7270D2F1D1EBFB100F8FC88 /* Shape.swift in Sources */,
				B7270D2E1D1EBFB100F8FC88 /* LShape.swift in Sources */,
				B7270D2C1D1EBFB100F8FC88 /* JShape.swift in Sources */,
				B7270D311D1EBFB100F8FC88 /* SShape.swift in Sources */,
				B7F023831D1EB23900D6C439 /* AppDelegate.swift in Sources */,
				B7270D341D1EBFB100F8FC88 /* ZShape.swift in Sources */,
				B7270D331D1EBFB100F8FC88 /* TShape.swift in Sources */,
				B7270D301D1EBFB100F8FC88 /* SquareShape.swift in Sources */,
				B7270D2D1D1EBFB100F8FC88 /* LineShape.swift in Sources */,
			);
			runOnlyForDeploymentPostprocessing = 0;
		};
/* End PBXSourcesBuildPhase section */

/* Begin PBXTargetDependency section */
		B7C08E211D1F384B0069F376 /* PBXTargetDependency */ = {
			isa = PBXTargetDependency;
			name = ResearchKit;
			targetProxy = B7C08E201D1F384B0069F376 /* PBXContainerItemProxy */;
		};
/* End PBXTargetDependency section */

/* Begin PBXVariantGroup section */
		B7F0238A1D1EB23900D6C439 /* Main.storyboard */ = {
			isa = PBXVariantGroup;
			children = (
				B7F0238B1D1EB23900D6C439 /* Base */,
			);
			name = Main.storyboard;
			sourceTree = "<group>";
		};
		B7F0238F1D1EB23900D6C439 /* LaunchScreen.storyboard */ = {
			isa = PBXVariantGroup;
			children = (
				B7F023901D1EB23900D6C439 /* Base */,
			);
			name = LaunchScreen.storyboard;
			sourceTree = "<group>";
		};
/* End PBXVariantGroup section */

/* Begin XCBuildConfiguration section */
		B7F023A91D1EB23A00D6C439 /* Debug */ = {
			isa = XCBuildConfiguration;
			buildSettings = {
				ALWAYS_SEARCH_USER_PATHS = NO;
				CLANG_ANALYZER_NONNULL = YES;
				CLANG_CXX_LANGUAGE_STANDARD = "gnu++0x";
				CLANG_CXX_LIBRARY = "libc++";
				CLANG_ENABLE_MODULES = YES;
				CLANG_ENABLE_OBJC_ARC = YES;
				CLANG_WARN_BOOL_CONVERSION = YES;
				CLANG_WARN_CONSTANT_CONVERSION = YES;
				CLANG_WARN_DIRECT_OBJC_ISA_USAGE = YES_ERROR;
				CLANG_WARN_EMPTY_BODY = YES;
				CLANG_WARN_ENUM_CONVERSION = YES;
				CLANG_WARN_INT_CONVERSION = YES;
				CLANG_WARN_OBJC_ROOT_CLASS = YES_ERROR;
				CLANG_WARN_UNREACHABLE_CODE = YES;
				CLANG_WARN__DUPLICATE_METHOD_MATCH = YES;
				"CODE_SIGN_IDENTITY[sdk=iphoneos*]" = "iPhone Developer";
				COPY_PHASE_STRIP = NO;
				DEBUG_INFORMATION_FORMAT = "dwarf-with-dsym";
				ENABLE_STRICT_OBJC_MSGSEND = YES;
				ENABLE_TESTABILITY = YES;
				GCC_C_LANGUAGE_STANDARD = gnu99;
				GCC_DYNAMIC_NO_PIC = NO;
				GCC_NO_COMMON_BLOCKS = YES;
				GCC_OPTIMIZATION_LEVEL = 0;
				GCC_PREPROCESSOR_DEFINITIONS = (
					"DEBUG=1",
					"$(inherited)",
				);
				GCC_WARN_64_TO_32_BIT_CONVERSION = YES;
				GCC_WARN_ABOUT_RETURN_TYPE = YES_ERROR;
				GCC_WARN_UNDECLARED_SELECTOR = YES;
				GCC_WARN_UNINITIALIZED_AUTOS = YES_AGGRESSIVE;
				GCC_WARN_UNUSED_FUNCTION = YES;
				GCC_WARN_UNUSED_VARIABLE = YES;
				IPHONEOS_DEPLOYMENT_TARGET = 9.3;
				MTL_ENABLE_DEBUG_INFO = YES;
				ONLY_ACTIVE_ARCH = YES;
				SDKROOT = iphoneos;
				SWIFT_OPTIMIZATION_LEVEL = "-Onone";
				TARGETED_DEVICE_FAMILY = 2;
			};
			name = Debug;
		};
		B7F023AA1D1EB23A00D6C439 /* Release */ = {
			isa = XCBuildConfiguration;
			buildSettings = {
				ALWAYS_SEARCH_USER_PATHS = NO;
				CLANG_ANALYZER_NONNULL = YES;
				CLANG_CXX_LANGUAGE_STANDARD = "gnu++0x";
				CLANG_CXX_LIBRARY = "libc++";
				CLANG_ENABLE_MODULES = YES;
				CLANG_ENABLE_OBJC_ARC = YES;
				CLANG_WARN_BOOL_CONVERSION = YES;
				CLANG_WARN_CONSTANT_CONVERSION = YES;
				CLANG_WARN_DIRECT_OBJC_ISA_USAGE = YES_ERROR;
				CLANG_WARN_EMPTY_BODY = YES;
				CLANG_WARN_ENUM_CONVERSION = YES;
				CLANG_WARN_INT_CONVERSION = YES;
				CLANG_WARN_OBJC_ROOT_CLASS = YES_ERROR;
				CLANG_WARN_UNREACHABLE_CODE = YES;
				CLANG_WARN__DUPLICATE_METHOD_MATCH = YES;
				"CODE_SIGN_IDENTITY[sdk=iphoneos*]" = "iPhone Developer";
				COPY_PHASE_STRIP = NO;
				DEBUG_INFORMATION_FORMAT = "dwarf-with-dsym";
				ENABLE_NS_ASSERTIONS = NO;
				ENABLE_STRICT_OBJC_MSGSEND = YES;
				GCC_C_LANGUAGE_STANDARD = gnu99;
				GCC_NO_COMMON_BLOCKS = YES;
				GCC_WARN_64_TO_32_BIT_CONVERSION = YES;
				GCC_WARN_ABOUT_RETURN_TYPE = YES_ERROR;
				GCC_WARN_UNDECLARED_SELECTOR = YES;
				GCC_WARN_UNINITIALIZED_AUTOS = YES_AGGRESSIVE;
				GCC_WARN_UNUSED_FUNCTION = YES;
				GCC_WARN_UNUSED_VARIABLE = YES;
				IPHONEOS_DEPLOYMENT_TARGET = 9.3;
				MTL_ENABLE_DEBUG_INFO = NO;
				SDKROOT = iphoneos;
				TARGETED_DEVICE_FAMILY = 2;
				VALIDATE_PRODUCT = YES;
			};
			name = Release;
		};
		B7F023AC1D1EB23A00D6C439 /* Debug */ = {
			isa = XCBuildConfiguration;
			buildSettings = {
				ASSETCATALOG_COMPILER_LAUNCHIMAGE_NAME = "Brand Assets";
				CODE_SIGN_IDENTITY = "iPhone Developer";
				EMBEDDED_CONTENT_CONTAINS_SWIFT = YES;
				INFOPLIST_FILE = "Ocular-Tetris/Info.plist";
				LD_RUNPATH_SEARCH_PATHS = "$(inherited) @executable_path/Frameworks";
				PRODUCT_BUNDLE_IDENTIFIER = EN.io.Ocular;
				PRODUCT_NAME = "Ocular-Tetris";
			};
			name = Debug;
		};
		B7F023AD1D1EB23A00D6C439 /* Release */ = {
			isa = XCBuildConfiguration;
			buildSettings = {
				ASSETCATALOG_COMPILER_LAUNCHIMAGE_NAME = "Brand Assets";
				CODE_SIGN_IDENTITY = "iPhone Developer";
				EMBEDDED_CONTENT_CONTAINS_SWIFT = YES;
				INFOPLIST_FILE = "Ocular-Tetris/Info.plist";
				LD_RUNPATH_SEARCH_PATHS = "$(inherited) @executable_path/Frameworks";
				PRODUCT_BUNDLE_IDENTIFIER = EN.io.Ocular;
				PRODUCT_NAME = "Ocular-Tetris";
			};
			name = Release;
		};
/* End XCBuildConfiguration section */

/* Begin XCConfigurationList section */
		B7F0237A1D1EB23900D6C439 /* Build configuration list for PBXProject "Ocular-Tetris" */ = {
			isa = XCConfigurationList;
			buildConfigurations = (
				B7F023A91D1EB23A00D6C439 /* Debug */,
				B7F023AA1D1EB23A00D6C439 /* Release */,
			);
			defaultConfigurationIsVisible = 0;
			defaultConfigurationName = Release;
		};
		B7F023AB1D1EB23A00D6C439 /* Build configuration list for PBXNativeTarget "Ocular-Tetris" */ = {
			isa = XCConfigurationList;
			buildConfigurations = (
				B7F023AC1D1EB23A00D6C439 /* Debug */,
				B7F023AD1D1EB23A00D6C439 /* Release */,
			);
			defaultConfigurationIsVisible = 0;
			defaultConfigurationName = Release;
		};
/* End XCConfigurationList section */
	};
	rootObject = B7F023771D1EB23900D6C439 /* Project object */;
}
